PODS:
  - CocoaLumberjack/Core (2.3.0)
  - CocoaLumberjack/Default (2.3.0):
    - CocoaLumberjack/Core
  - CocoaLumberjack/Extensions (2.3.0):
    - CocoaLumberjack/Default
  - CocoaLumberjack/Swift (2.3.0):
    - CocoaLumberjack/Extensions
  - EZSwiftExtensions (1.4)
  - FMDB (2.6.2):
    - FMDB/standard (= 2.6.2)
  - FMDB/standard (2.6.2)
  - iCarousel (1.8.1)
  - Masonry (1.0.1)

DEPENDENCIES:
  - CocoaLumberjack/Swift
  - EZSwiftExtensions
  - FMDB
  - iCarousel (= 1.8.1)
  - Masonry

SPEC CHECKSUMS:
  CocoaLumberjack: 97fab7ee5f507fe54445cca7ea80f926729cfd15
  EZSwiftExtensions: db7be0022fce8e92cdfe0fadddaf835fcd9696db
  FMDB: 854a0341b4726e53276f2a8996f06f1b80f9259a
  iCarousel: dace1cb858e3f4dc2614bee3201041247f82feda
  Masonry: a1a931a0d08870ed8ae415a2ea5ea68ebcac77df

COCOAPODS: 0.39.0
