// !$*UTF8*$!
{
	archiveVersion = 1;
	classes = {
	};
	objectVersion = 46;
	objects = {

/* Begin PBXBuildFile section */
		1A4FA5D7DCF3890690E129FB /* Pods_myphotoalbum.framework in Frameworks */ = {isa = PBXBuildFile; fileRef = DE534C512D5B1FDD95BEB64A /* Pods_myphotoalbum.framework */; };
		7DACD8CF1CE5840100F5F189 /* Assets.xcassets in Resources */ = {isa = PBXBuildFile; fileRef = 7DACD8CE1CE5840100F5F189 /* Assets.xcassets */; };
		C6633E9A1CF2020C00180F1A /* AppDelegate.swift in Sources */ = {isa = PBXBuildFile; fileRef = C6633E981CF2020C00180F1A /* AppDelegate.swift */; };
		C6633E9B1CF2020C00180F1A /* ViewController.swift in Sources */ = {isa = PBXBuildFile; fileRef = C6633E991CF2020C00180F1A /* ViewController.swift */; };
/* End PBXBuildFile section */

/* Begin PBXFileReference section */
		7D5502731CF59E8800DBD9E5 /* MyPlayground.playground */ = {isa = PBXFileReference; lastKnownFileType = file.playground; path = MyPlayground.playground; sourceTree = "<group>"; };
		7DACD8C41CE5840100F5F189 /* myphotoalbum.app */ = {isa = PBXFileReference; explicitFileType = wrapper.application; includeInIndex = 0; path = myphotoalbum.app; sourceTree = BUILT_PRODUCTS_DIR; };
		7DACD8CE1CE5840100F5F189 /* Assets.xcassets */ = {isa = PBXFileReference; lastKnownFileType = folder.assetcatalog; path = Assets.xcassets; sourceTree = "<group>"; };
		7DACD8D31CE5840100F5F189 /* Info.plist */ = {isa = PBXFileReference; lastKnownFileType = text.plist.xml; path = Info.plist; sourceTree = "<group>"; };
		99748751D8354525957B4108 /* Pods-myphotoalbum.release.xcconfig */ = {isa = PBXFileReference; includeInIndex = 1; lastKnownFileType = text.xcconfig; name = "Pods-myphotoalbum.release.xcconfig"; path = "Pods/Target Support Files/Pods-myphotoalbum/Pods-myphotoalbum.release.xcconfig"; sourceTree = "<group>"; };
		C6633E971CF2020B00180F1A /* myphotoalbum-Bridging-Header.h */ = {isa = PBXFileReference; lastKnownFileType = sourcecode.c.h; path = "myphotoalbum-Bridging-Header.h"; sourceTree = "<group>"; };
		C6633E981CF2020C00180F1A /* AppDelegate.swift */ = {isa = PBXFileReference; fileEncoding = 4; lastKnownFileType = sourcecode.swift; path = AppDelegate.swift; sourceTree = "<group>"; };
		C6633E991CF2020C00180F1A /* ViewController.swift */ = {isa = PBXFileReference; fileEncoding = 4; lastKnownFileType = sourcecode.swift; path = ViewController.swift; sourceTree = "<group>"; };
		DE534C512D5B1FDD95BEB64A /* Pods_myphotoalbum.framework */ = {isa = PBXFileReference; explicitFileType = wrapper.framework; includeInIndex = 0; path = Pods_myphotoalbum.framework; sourceTree = BUILT_PRODUCTS_DIR; };
		E21849DD5F28B9BC16613DA1 /* Pods-myphotoalbum.debug.xcconfig */ = {isa = PBXFileReference; includeInIndex = 1; lastKnownFileType = text.xcconfig; name = "Pods-myphotoalbum.debug.xcconfig"; path = "Pods/Target Support Files/Pods-myphotoalbum/Pods-myphotoalbum.debug.xcconfig"; sourceTree = "<group>"; };
/* End PBXFileReference section */

/* Begin PBXFrameworksBuildPhase section */
		7DACD8C11CE5840100F5F189 /* Frameworks */ = {
			isa = PBXFrameworksBuildPhase;
			buildActionMask = 2147483647;
			files = (
				1A4FA5D7DCF3890690E129FB /* Pods_myphotoalbum.framework in Frameworks */,
			);
			runOnlyForDeploymentPostprocessing = 0;
		};
/* End PBXFrameworksBuildPhase section */

/* Begin PBXGroup section */
		79E6550427B66E8C5544B889 /* Pods */ = {
			isa = PBXGroup;
			children = (
				E21849DD5F28B9BC16613DA1 /* Pods-myphotoalbum.debug.xcconfig */,
				99748751D8354525957B4108 /* Pods-myphotoalbum.release.xcconfig */,
			);
			name = Pods;
			sourceTree = "<group>";
		};
		7D3FAFDF1CE9771600FC4737 /* src */ = {
			isa = PBXGroup;
			children = (
				7D3FAFE01CE9774E00FC4737 /* Classes */,
			);
			path = src;
			sourceTree = "<group>";
		};
		7D3FAFE01CE9774E00FC4737 /* Classes */ = {
			isa = PBXGroup;
			children = (
				C6633E981CF2020C00180F1A /* AppDelegate.swift */,
				C6633E991CF2020C00180F1A /* ViewController.swift */,
				C6633E971CF2020B00180F1A /* myphotoalbum-Bridging-Header.h */,
				7D5502731CF59E8800DBD9E5 /* MyPlayground.playground */,
			);
			path = Classes;
			sourceTree = "<group>";
		};
		7DACD8BB1CE5840100F5F189 = {
			isa = PBXGroup;
			children = (
				7DACD8C61CE5840100F5F189 /* myphotoalbum */,
				7DACD8C51CE5840100F5F189 /* Products */,
				79E6550427B66E8C5544B889 /* Pods */,
				8068060E8B3F1F698B0610D9 /* Frameworks */,
			);
			sourceTree = "<group>";
		};
		7DACD8C51CE5840100F5F189 /* Products */ = {
			isa = PBXGroup;
			children = (
				7DACD8C41CE5840100F5F189 /* myphotoalbum.app */,
			);
			name = Products;
			sourceTree = "<group>";
		};
		7DACD8C61CE5840100F5F189 /* myphotoalbum */ = {
			isa = PBXGroup;
			children = (
				7D3FAFDF1CE9771600FC4737 /* src */,
				7DACD8CE1CE5840100F5F189 /* Assets.xcassets */,
				7DACD8D31CE5840100F5F189 /* Info.plist */,
			);
			path = myphotoalbum;
			sourceTree = "<group>";
		};
		8068060E8B3F1F698B0610D9 /* Frameworks */ = {
			isa = PBXGroup;
			children = (
				DE534C512D5B1FDD95BEB64A /* Pods_myphotoalbum.framework */,
			);
			name = Frameworks;
			sourceTree = "<group>";
		};
/* End PBXGroup section */

/* Begin PBXNativeTarget section */
		7DACD8C31CE5840100F5F189 /* myphotoalbum */ = {
			isa = PBXNativeTarget;
			buildConfigurationList = 7DACD8D61CE5840100F5F189 /* Build configuration list for PBXNativeTarget "myphotoalbum" */;
			buildPhases = (
				2B0F550479472C463304EA3B /* Check Pods Manifest.lock */,
				7DACD8C01CE5840100F5F189 /* Sources */,
				7DACD8C11CE5840100F5F189 /* Frameworks */,
				7DACD8C21CE5840100F5F189 /* Resources */,
				86D94AA3D72C97870EE7E38C /* Embed Pods Frameworks */,
				8E2A8329A30F14B3E0C2222B /* Copy Pods Resources */,
			);
			buildRules = (
			);
			dependencies = (
			);
			name = myphotoalbum;
			productName = myphotoalbum;
			productReference = 7DACD8C41CE5840100F5F189 /* myphotoalbum.app */;
			productType = "com.apple.product-type.application";
		};
/* End PBXNativeTarget section */

/* Begin PBXProject section */
		7DACD8BC1CE5840100F5F189 /* Project object */ = {
			isa = PBXProject;
			attributes = {
				LastSwiftUpdateCheck = 0730;
				LastUpgradeCheck = 0730;
				ORGANIZATIONNAME = wangshuang;
				TargetAttributes = {
					7DACD8C31CE5840100F5F189 = {
						CreatedOnToolsVersion = 7.3;
					};
				};
			};
			buildConfigurationList = 7DACD8BF1CE5840100F5F189 /* Build configuration list for PBXProject "myphotoalbum" */;
			compatibilityVersion = "Xcode 3.2";
			developmentRegion = English;
			hasScannedForEncodings = 0;
			knownRegions = (
				en,
				Base,
			);
			mainGroup = 7DACD8BB1CE5840100F5F189;
			productRefGroup = 7DACD8C51CE5840100F5F189 /* Products */;
			projectDirPath = "";
			projectRoot = "";
			targets = (
				7DACD8C31CE5840100F5F189 /* myphotoalbum */,
			);
		};
/* End PBXProject section */

/* Begin PBXResourcesBuildPhase section */
		7DACD8C21CE5840100F5F189 /* Resources */ = {
			isa = PBXResourcesBuildPhase;
			buildActionMask = 2147483647;
			files = (
				7DACD8CF1CE5840100F5F189 /* Assets.xcassets in Resources */,
			);
			runOnlyForDeploymentPostprocessing = 0;
		};
/* End PBXResourcesBuildPhase section */

/* Begin PBXShellScriptBuildPhase section */
		2B0F550479472C463304EA3B /* Check Pods Manifest.lock */ = {
			isa = PBXShellScriptBuildPhase;
			buildActionMask = 2147483647;
			files = (
			);
			inputPaths = (
			);
			name = "Check Pods Manifest.lock";
			outputPaths = (
			);
			runOnlyForDeploymentPostprocessing = 0;
			shellPath = /bin/sh;
			shellScript = "diff \"${PODS_ROOT}/../Podfile.lock\" \"${PODS_ROOT}/Manifest.lock\" > /dev/null\nif [[ $? != 0 ]] ; then\n    cat << EOM\nerror: The sandbox is not in sync with the Podfile.lock. Run 'pod install' or update your CocoaPods installation.\nEOM\n    exit 1\nfi\n";
			showEnvVarsInLog = 0;
		};
		86D94AA3D72C97870EE7E38C /* Embed Pods Frameworks */ = {
			isa = PBXShellScriptBuildPhase;
			buildActionMask = 2147483647;
			files = (
			);
			inputPaths = (
			);
			name = "Embed Pods Frameworks";
			outputPaths = (
			);
			runOnlyForDeploymentPostprocessing = 0;
			shellPath = /bin/sh;
			shellScript = "\"${SRCROOT}/Pods/Target Support Files/Pods-myphotoalbum/Pods-myphotoalbum-frameworks.sh\"\n";
			showEnvVarsInLog = 0;
		};
		8E2A8329A30F14B3E0C2222B /* Copy Pods Resources */ = {
			isa = PBXShellScriptBuildPhase;
			buildActionMask = 2147483647;
			files = (
			);
			inputPaths = (
			);
			name = "Copy Pods Resources";
			outputPaths = (
			);
			runOnlyForDeploymentPostprocessing = 0;
			shellPath = /bin/sh;
			shellScript = "\"${SRCROOT}/Pods/Target Support Files/Pods-myphotoalbum/Pods-myphotoalbum-resources.sh\"\n";
			showEnvVarsInLog = 0;
		};
/* End PBXShellScriptBuildPhase section */

/* Begin PBXSourcesBuildPhase section */
		7DACD8C01CE5840100F5F189 /* Sources */ = {
			isa = PBXSourcesBuildPhase;
			buildActionMask = 2147483647;
			files = (
				C6633E9B1CF2020C00180F1A /* ViewController.swift in Sources */,
				C6633E9A1CF2020C00180F1A /* AppDelegate.swift in Sources */,
			);
			runOnlyForDeploymentPostprocessing = 0;
		};
/* End PBXSourcesBuildPhase section */

/* Begin XCBuildConfiguration section */
		7DACD8D41CE5840100F5F189 /* Debug */ = {
			isa = XCBuildConfiguration;
			buildSettings = {
				ALWAYS_SEARCH_USER_PATHS = NO;
				CLANG_ANALYZER_NONNULL = YES;
				CLANG_CXX_LANGUAGE_STANDARD = "gnu++0x";
				CLANG_CXX_LIBRARY = "libc++";
				CLANG_ENABLE_MODULES = YES;
				CLANG_ENABLE_OBJC_ARC = YES;
				CLANG_WARN_BOOL_CONVERSION = YES;
				CLANG_WARN_CONSTANT_CONVERSION = YES;
				CLANG_WARN_DIRECT_OBJC_ISA_USAGE = YES_ERROR;
				CLANG_WARN_EMPTY_BODY = YES;
				CLANG_WARN_ENUM_CONVERSION = YES;
				CLANG_WARN_INT_CONVERSION = YES;
				CLANG_WARN_OBJC_ROOT_CLASS = YES_ERROR;
				CLANG_WARN_UNREACHABLE_CODE = YES;
				CLANG_WARN__DUPLICATE_METHOD_MATCH = YES;
				"CODE_SIGN_IDENTITY[sdk=iphoneos*]" = "iPhone Developer";
				COPY_PHASE_STRIP = NO;
				DEBUG_INFORMATION_FORMAT = dwarf;
				ENABLE_STRICT_OBJC_MSGSEND = YES;
				ENABLE_TESTABILITY = YES;
				GCC_C_LANGUAGE_STANDARD = gnu99;
				GCC_DYNAMIC_NO_PIC = NO;
				GCC_NO_COMMON_BLOCKS = YES;
				GCC_OPTIMIZATION_LEVEL = 0;
				GCC_PREPROCESSOR_DEFINITIONS = (
					"DEBUG=1",
					"$(inherited)",
				);
				GCC_WARN_64_TO_32_BIT_CONVERSION = YES;
				GCC_WARN_ABOUT_RETURN_TYPE = YES_ERROR;
				GCC_WARN_UNDECLARED_SELECTOR = YES;
				GCC_WARN_UNINITIALIZED_AUTOS = YES_AGGRESSIVE;
				GCC_WARN_UNUSED_FUNCTION = YES;
				GCC_WARN_UNUSED_VARIABLE = YES;
				IPHONEOS_DEPLOYMENT_TARGET = 9.3;
				MTL_ENABLE_DEBUG_INFO = YES;
				ONLY_ACTIVE_ARCH = YES;
				SDKROOT = iphoneos;
				SWIFT_OPTIMIZATION_LEVEL = "-Onone";
			};
			name = Debug;
		};
		7DACD8D51CE5840100F5F189 /* Release */ = {
			isa = XCBuildConfiguration;
			buildSettings = {
				ALWAYS_SEARCH_USER_PATHS = NO;
				CLANG_ANALYZER_NONNULL = YES;
				CLANG_CXX_LANGUAGE_STANDARD = "gnu++0x";
				CLANG_CXX_LIBRARY = "libc++";
				CLANG_ENABLE_MODULES = YES;
				CLANG_ENABLE_OBJC_ARC = YES;
				CLANG_WARN_BOOL_CONVERSION = YES;
				CLANG_WARN_CONSTANT_CONVERSION = YES;
				CLANG_WARN_DIRECT_OBJC_ISA_USAGE = YES_ERROR;
				CLANG_WARN_EMPTY_BODY = YES;
				CLANG_WARN_ENUM_CONVERSION = YES;
				CLANG_WARN_INT_CONVERSION = YES;
				CLANG_WARN_OBJC_ROOT_CLASS = YES_ERROR;
				CLANG_WARN_UNREACHABLE_CODE = YES;
				CLANG_WARN__DUPLICATE_METHOD_MATCH = YES;
				"CODE_SIGN_IDENTITY[sdk=iphoneos*]" = "iPhone Developer";
				COPY_PHASE_STRIP = NO;
				DEBUG_INFORMATION_FORMAT = "dwarf-with-dsym";
				ENABLE_NS_ASSERTIONS = NO;
				ENABLE_STRICT_OBJC_MSGSEND = YES;
				GCC_C_LANGUAGE_STANDARD = gnu99;
				GCC_NO_COMMON_BLOCKS = YES;
				GCC_WARN_64_TO_32_BIT_CONVERSION = YES;
				GCC_WARN_ABOUT_RETURN_TYPE = YES_ERROR;
				GCC_WARN_UNDECLARED_SELECTOR = YES;
				GCC_WARN_UNINITIALIZED_AUTOS = YES_AGGRESSIVE;
				GCC_WARN_UNUSED_FUNCTION = YES;
				GCC_WARN_UNUSED_VARIABLE = YES;
				IPHONEOS_DEPLOYMENT_TARGET = 9.3;
				MTL_ENABLE_DEBUG_INFO = NO;
				SDKROOT = iphoneos;
				VALIDATE_PRODUCT = YES;
			};
			name = Release;
		};
		7DACD8D71CE5840100F5F189 /* Debug */ = {
			isa = XCBuildConfiguration;
			baseConfigurationReference = E21849DD5F28B9BC16613DA1 /* Pods-myphotoalbum.debug.xcconfig */;
			buildSettings = {
				ASSETCATALOG_COMPILER_APPICON_NAME = AppIcon;
				ASSETCATALOG_COMPILER_LAUNCHIMAGE_NAME = LaunchImage;
				CLANG_ENABLE_MODULES = YES;
				HEADER_SEARCH_PATHS = (
					"$(inherited)",
					"\"${PODS_ROOT}/Headers/Public\"",
					"\"${PODS_ROOT}/Headers/Public/FMDB\"",
					"\"${PODS_ROOT}/Headers/Public/Masonry\"",
					"\"${PODS_ROOT}/Headers/Public/iCarousel\"",
				);
				INFOPLIST_FILE = myphotoalbum/Info.plist;
				IPHONEOS_DEPLOYMENT_TARGET = 7.0;
				LD_RUNPATH_SEARCH_PATHS = "$(inherited) @executable_path/Frameworks";
				PRODUCT_BUNDLE_IDENTIFIER = com.cn.cq.myphotoalbum;
				PRODUCT_NAME = "$(TARGET_NAME)";
				SWIFT_OBJC_BRIDGING_HEADER = "myphotoalbum/src/Classes/myphotoalbum-Bridging-Header.h";
				SWIFT_OPTIMIZATION_LEVEL = "-Onone";
			};
			name = Debug;
		};
		7DACD8D81CE5840100F5F189 /* Release */ = {
			isa = XCBuildConfiguration;
			baseConfigurationReference = 99748751D8354525957B4108 /* Pods-myphotoalbum.release.xcconfig */;
			buildSettings = {
				ASSETCATALOG_COMPILER_APPICON_NAME = AppIcon;
				ASSETCATALOG_COMPILER_LAUNCHIMAGE_NAME = LaunchImage;
				CLANG_ENABLE_MODULES = YES;
				HEADER_SEARCH_PATHS = (
					"$(inherited)",
					"\"${PODS_ROOT}/Headers/Public\"",
					"\"${PODS_ROOT}/Headers/Public/FMDB\"",
					"\"${PODS_ROOT}/Headers/Public/Masonry\"",
					"\"${PODS_ROOT}/Headers/Public/iCarousel\"",
				);
				INFOPLIST_FILE = myphotoalbum/Info.plist;
				IPHONEOS_DEPLOYMENT_TARGET = 7.0;
				LD_RUNPATH_SEARCH_PATHS = "$(inherited) @executable_path/Frameworks";
				PRODUCT_BUNDLE_IDENTIFIER = com.cn.cq.myphotoalbum;
				PRODUCT_NAME = "$(TARGET_NAME)";
				SWIFT_OBJC_BRIDGING_HEADER = "myphotoalbum/src/Classes/myphotoalbum-Bridging-Header.h";
			};
			name = Release;
		};
/* End XCBuildConfiguration section */

/* Begin XCConfigurationList section */
		7DACD8BF1CE5840100F5F189 /* Build configuration list for PBXProject "myphotoalbum" */ = {
			isa = XCConfigurationList;
			buildConfigurations = (
				7DACD8D41CE5840100F5F189 /* Debug */,
				7DACD8D51CE5840100F5F189 /* Release */,
			);
			defaultConfigurationIsVisible = 0;
			defaultConfigurationName = Release;
		};
		7DACD8D61CE5840100F5F189 /* Build configuration list for PBXNativeTarget "myphotoalbum" */ = {
			isa = XCConfigurationList;
			buildConfigurations = (
				7DACD8D71CE5840100F5F189 /* Debug */,
				7DACD8D81CE5840100F5F189 /* Release */,
			);
			defaultConfigurationIsVisible = 0;
			defaultConfigurationName = Release;
		};
/* End XCConfigurationList section */
	};
	rootObject = 7DACD8BC1CE5840100F5F189 /* Project object */;
}
